
Microsoft Visual Studio Solution File, Format Version 12.00
# Visual Studio 15
VisualStudioVersion = 15.0.28307.902
MinimumVisualStudioVersion = 10.0.40219.1
Project("{FAE04EC0-301F-11D3-BF4B-00C04F79EFBC}") = "database_project_2020", "database_project_2020\database_project_2020.csproj", "{E3AEF8B6-F20F-4299-AB22-D6B575B7A53B}"
EndProject
Project("{FAE04EC0-301F-11D3-BF4B-00C04F79EFBC}") = "database_project_2020.Tests", "database_project_2020.Tests\database_project_2020.Tests.csproj", "{10B7B757-4A1D-4A74-AAB3-49F023D80B9D}"
EndProject
Global
	GlobalSection(SolutionConfigurationPlatforms) = preSolution
		Debug|Any CPU = Debug|Any CPU
		Release|Any CPU = Release|Any CPU
	EndGlobalSection
	GlobalSection(ProjectConfigurationPlatforms) = postSolution
		{E3AEF8B6-F20F-4299-AB22-D6B575B7A53B}.Debug|Any CPU.ActiveCfg = Debug|Any CPU
		{E3AEF8B6-F20F-4299-AB22-D6B575B7A53B}.Debug|Any CPU.Build.0 = Debug|Any CPU
		{E3AEF8B6-F20F-4299-AB22-D6B575B7A53B}.Release|Any CPU.ActiveCfg = Release|Any CPU
		{E3AEF8B6-F20F-4299-AB22-D6B575B7A53B}.Release|Any CPU.Build.0 = Release|Any CPU
		{10B7B757-4A1D-4A74-AAB3-49F023D80B9D}.Debug|Any CPU.ActiveCfg = Debug|Any CPU
		{10B7B757-4A1D-4A74-AAB3-49F023D80B9D}.Debug|Any CPU.Build.0 = Debug|Any CPU
		{10B7B757-4A1D-4A74-AAB3-49F023D80B9D}.Release|Any CPU.ActiveCfg = Release|Any CPU
		{10B7B757-4A1D-4A74-AAB3-49F023D80B9D}.Release|Any CPU.Build.0 = Release|Any CPU
	EndGlobalSection
	GlobalSection(SolutionProperties) = preSolution
		HideSolutionNode = FALSE
	EndGlobalSection
	GlobalSection(ExtensibilityGlobals) = postSolution
		SolutionGuid = {CA8BAEA0-6DAA-4EE9-A3F3-E00209EB345D}
	EndGlobalSection
EndGlobal
